{
  "name": "demo-react-nest-with-ai-agent",
  "version": "0.0.0",
  "lockfileVersion": 3,
  "requires": true,
  "packages": {
    "": {
      "name": "demo-react-nest-with-ai-agent",
      "version": "0.0.0",
      "workspaces": [
        "frontend",
        "backend"
      ],
      "engines": {
        "node": ">=20"
      }
    }
  }
}
